
Microsoft Visual Studio Solution File, Format Version 12.00
# Visual Studio Version 17
VisualStudioVersion = 17.6.33815.320
MinimumVisualStudioVersion = 10.0.40219.1
Project("{FAE04EC0-301F-11D3-BF4B-00C04F79EFBC}") = "TU Condo File Editor", "TU Condo File Editor\TU Condo File Editor.csproj", "{72B0EA23-D56F-4D18-BC21-B87883DC19B9}"
EndProject
Global
	GlobalSection(SolutionConfigurationPlatforms) = preSolution
		Debug|Any CPU = Debug|Any CPU
		Release|Any CPU = Release|Any CPU
	EndGlobalSection
	GlobalSection(ProjectConfigurationPlatforms) = postSolution
		{72B0EA23-D56F-4D18-BC21-B87883DC19B9}.Debug|Any CPU.ActiveCfg = Debug|Any CPU
		{72B0EA23-D56F-4D18-BC21-B87883DC19B9}.Debug|Any CPU.Build.0 = Debug|Any CPU
		{72B0EA23-D56F-4D18-BC21-B87883DC19B9}.Release|Any CPU.ActiveCfg = Release|Any CPU
		{72B0EA23-D56F-4D18-BC21-B87883DC19B9}.Release|Any CPU.Build.0 = Release|Any CPU
	EndGlobalSection
	GlobalSection(SolutionProperties) = preSolution
		HideSolutionNode = FALSE
	EndGlobalSection
	GlobalSection(ExtensibilityGlobals) = postSolution
		SolutionGuid = {87ABEB96-3C64-481B-86F9-40B65222272D}
	EndGlobalSection
EndGlobal
